// !$*UTF8*$!
{
	archiveVersion = 1;
	classes = {
	};
	objectVersion = 50;
	objects = {

/* Begin PBXBuildFile section */
		E80997EB23190834000C49D2 /* OpenGL_readme.md in Resources */ = {isa = PBXBuildFile; fileRef = E80997EA23190834000C49D2 /* OpenGL_readme.md */; };
		E80997F023191BAC000C49D2 /* JHLightViewController.m in Sources */ = {isa = PBXBuildFile; fileRef = E80997EF23191BAC000C49D2 /* JHLightViewController.m */; };
		E80997F323191BD5000C49D2 /* JH_OpenGLLightView.m in Sources */ = {isa = PBXBuildFile; fileRef = E80997F223191BD5000C49D2 /* JH_OpenGLLightView.m */; };
		E80ABC15231FC31C00C925B7 /* JH_MatrixOperate.c in Sources */ = {isa = PBXBuildFile; fileRef = E80ABC14231FC31C00C925B7 /* JH_MatrixOperate.c */; };
		E81261F22317A37A008B66F0 /* FragmentDraw.glsl in Resources */ = {isa = PBXBuildFile; fileRef = E81261F02317A37A008B66F0 /* FragmentDraw.glsl */; };
		E81261F32317A37A008B66F0 /* VertexDraw.glsl in Resources */ = {isa = PBXBuildFile; fileRef = E81261F12317A37A008B66F0 /* VertexDraw.glsl */; };
		E8153414233B8EFA00F7AB8E /* JH_OpenGLAttribute.m in Sources */ = {isa = PBXBuildFile; fileRef = E8153413233B8EFA00F7AB8E /* JH_OpenGLAttribute.m */; };
		E816C885232F5A6A0037C27E /* VertexObj.glsl in Resources */ = {isa = PBXBuildFile; fileRef = E816C883232F5A6A0037C27E /* VertexObj.glsl */; };
		E816C886232F5A6A0037C27E /* FragmentObj.glsl in Resources */ = {isa = PBXBuildFile; fileRef = E816C884232F5A6A0037C27E /* FragmentObj.glsl */; };
		E822B30E231CFE1F001A5ECB /* FragmentLight.glsl in Resources */ = {isa = PBXBuildFile; fileRef = E822B30C231CFE1E001A5ECB /* FragmentLight.glsl */; };
		E822B30F231CFE1F001A5ECB /* VertexLight.glsl in Resources */ = {isa = PBXBuildFile; fileRef = E822B30D231CFE1E001A5ECB /* VertexLight.glsl */; };
		E84093F523152849004E5DA2 /* JH_OpenGLView.m in Sources */ = {isa = PBXBuildFile; fileRef = E84093F323152849004E5DA2 /* JH_OpenGLView.m */; };
		E84093F8231528E2004E5DA2 /* JHBrowerViewController.m in Sources */ = {isa = PBXBuildFile; fileRef = E84093F7231528E2004E5DA2 /* JHBrowerViewController.m */; };
		E84093FB231528F0004E5DA2 /* JHDrawViewController.m in Sources */ = {isa = PBXBuildFile; fileRef = E84093FA231528F0004E5DA2 /* JHDrawViewController.m */; };
		E840940223152B1F004E5DA2 /* Fragment.glsl in Resources */ = {isa = PBXBuildFile; fileRef = E840940023152B1F004E5DA2 /* Fragment.glsl */; };
		E840940323152B1F004E5DA2 /* Vertex.glsl in Resources */ = {isa = PBXBuildFile; fileRef = E840940123152B1F004E5DA2 /* Vertex.glsl */; };
		E840940623152CEA004E5DA2 /* JH_OpenGLEffect.m in Sources */ = {isa = PBXBuildFile; fileRef = E840940523152CEA004E5DA2 /* JH_OpenGLEffect.m */; };
		E8D2B0ED23165B4B002712BD /* JH_OpenGLBrowerView.m in Sources */ = {isa = PBXBuildFile; fileRef = E8D2B0EC23165B4B002712BD /* JH_OpenGLBrowerView.m */; };
		E8D2B0F023165B61002712BD /* JH_OpenGLDrawView.m in Sources */ = {isa = PBXBuildFile; fileRef = E8D2B0EF23165B61002712BD /* JH_OpenGLDrawView.m */; };
		E8D2B0F323166D35002712BD /* JHDrawViewController.xib in Resources */ = {isa = PBXBuildFile; fileRef = E8D2B0F223166D35002712BD /* JHDrawViewController.xib */; };
		E8E5DAF22301039500C5BC17 /* OpenGLES.framework in Frameworks */ = {isa = PBXBuildFile; fileRef = E8E5DAF12301039500C5BC17 /* OpenGLES.framework */; };
		E8F86D77231113B4007CBCE2 /* OpenGL_Texture.png in Resources */ = {isa = PBXBuildFile; fileRef = E8F86D5F231113B4007CBCE2 /* OpenGL_Texture.png */; };
		E8F86D78231113B4007CBCE2 /* timg.jpeg in Resources */ = {isa = PBXBuildFile; fileRef = E8F86D60231113B4007CBCE2 /* timg.jpeg */; };
		E8F86D79231113B4007CBCE2 /* Matrix_readme.md in Resources */ = {isa = PBXBuildFile; fileRef = E8F86D61231113B4007CBCE2 /* Matrix_readme.md */; };
		E8F86D7A231113B4007CBCE2 /* GLSL_readme.md in Resources */ = {isa = PBXBuildFile; fileRef = E8F86D62231113B4007CBCE2 /* GLSL_readme.md */; };
		E8F86D7C231113B4007CBCE2 /* OpenGL_CS.png in Resources */ = {isa = PBXBuildFile; fileRef = E8F86D65231113B4007CBCE2 /* OpenGL_CS.png */; };
		E8F86D80231113B5007CBCE2 /* Assets.xcassets in Resources */ = {isa = PBXBuildFile; fileRef = E8F86D6D231113B4007CBCE2 /* Assets.xcassets */; };
		E8F86D81231113B5007CBCE2 /* ViewController.m in Sources */ = {isa = PBXBuildFile; fileRef = E8F86D6E231113B4007CBCE2 /* ViewController.m */; };
		E8F86D82231113B5007CBCE2 /* LaunchScreen.storyboard in Resources */ = {isa = PBXBuildFile; fileRef = E8F86D6F231113B4007CBCE2 /* LaunchScreen.storyboard */; };
		E8F86D83231113B5007CBCE2 /* Main.storyboard in Resources */ = {isa = PBXBuildFile; fileRef = E8F86D71231113B4007CBCE2 /* Main.storyboard */; };
		E8F86D84231113B5007CBCE2 /* main.m in Sources */ = {isa = PBXBuildFile; fileRef = E8F86D73231113B4007CBCE2 /* main.m */; };
		E8F86D85231113B5007CBCE2 /* AppDelegate.m in Sources */ = {isa = PBXBuildFile; fileRef = E8F86D74231113B4007CBCE2 /* AppDelegate.m */; };
/* End PBXBuildFile section */

/* Begin PBXFileReference section */
		E80997EA23190834000C49D2 /* OpenGL_readme.md */ = {isa = PBXFileReference; lastKnownFileType = net.daringfireball.markdown; path = OpenGL_readme.md; sourceTree = "<group>"; };
		E80997EE23191BAC000C49D2 /* JHLightViewController.h */ = {isa = PBXFileReference; lastKnownFileType = sourcecode.c.h; path = JHLightViewController.h; sourceTree = "<group>"; };
		E80997EF23191BAC000C49D2 /* JHLightViewController.m */ = {isa = PBXFileReference; lastKnownFileType = sourcecode.c.objc; path = JHLightViewController.m; sourceTree = "<group>"; };
		E80997F123191BD5000C49D2 /* JH_OpenGLLightView.h */ = {isa = PBXFileReference; lastKnownFileType = sourcecode.c.h; path = JH_OpenGLLightView.h; sourceTree = "<group>"; };
		E80997F223191BD5000C49D2 /* JH_OpenGLLightView.m */ = {isa = PBXFileReference; lastKnownFileType = sourcecode.c.objc; path = JH_OpenGLLightView.m; sourceTree = "<group>"; };
		E80ABC13231FC31C00C925B7 /* JH_MatrixOperate.h */ = {isa = PBXFileReference; lastKnownFileType = sourcecode.c.h; path = JH_MatrixOperate.h; sourceTree = "<group>"; };
		E80ABC14231FC31C00C925B7 /* JH_MatrixOperate.c */ = {isa = PBXFileReference; lastKnownFileType = sourcecode.c.c; path = JH_MatrixOperate.c; sourceTree = "<group>"; };
		E81261F02317A37A008B66F0 /* FragmentDraw.glsl */ = {isa = PBXFileReference; fileEncoding = 4; lastKnownFileType = text; path = FragmentDraw.glsl; sourceTree = "<group>"; };
		E81261F12317A37A008B66F0 /* VertexDraw.glsl */ = {isa = PBXFileReference; fileEncoding = 4; lastKnownFileType = text; path = VertexDraw.glsl; sourceTree = "<group>"; };
		E8153412233B8EFA00F7AB8E /* JH_OpenGLAttribute.h */ = {isa = PBXFileReference; lastKnownFileType = sourcecode.c.h; path = JH_OpenGLAttribute.h; sourceTree = "<group>"; };
		E8153413233B8EFA00F7AB8E /* JH_OpenGLAttribute.m */ = {isa = PBXFileReference; lastKnownFileType = sourcecode.c.objc; path = JH_OpenGLAttribute.m; sourceTree = "<group>"; };
		E816C883232F5A6A0037C27E /* VertexObj.glsl */ = {isa = PBXFileReference; fileEncoding = 4; lastKnownFileType = text; path = VertexObj.glsl; sourceTree = "<group>"; };
		E816C884232F5A6A0037C27E /* FragmentObj.glsl */ = {isa = PBXFileReference; fileEncoding = 4; lastKnownFileType = text; path = FragmentObj.glsl; sourceTree = "<group>"; };
		E822B302231CB7B8001A5ECB /* JH_LightAttributeMesh.h */ = {isa = PBXFileReference; lastKnownFileType = sourcecode.c.h; path = JH_LightAttributeMesh.h; sourceTree = "<group>"; };
		E822B30C231CFE1E001A5ECB /* FragmentLight.glsl */ = {isa = PBXFileReference; fileEncoding = 4; lastKnownFileType = text; path = FragmentLight.glsl; sourceTree = "<group>"; };
		E822B30D231CFE1E001A5ECB /* VertexLight.glsl */ = {isa = PBXFileReference; fileEncoding = 4; lastKnownFileType = text; path = VertexLight.glsl; sourceTree = "<group>"; };
		E84093F323152849004E5DA2 /* JH_OpenGLView.m */ = {isa = PBXFileReference; fileEncoding = 4; lastKnownFileType = sourcecode.c.objc; path = JH_OpenGLView.m; sourceTree = "<group>"; };
		E84093F423152849004E5DA2 /* JH_OpenGLView.h */ = {isa = PBXFileReference; fileEncoding = 4; lastKnownFileType = sourcecode.c.h; path = JH_OpenGLView.h; sourceTree = "<group>"; };
		E84093F6231528E2004E5DA2 /* JHBrowerViewController.h */ = {isa = PBXFileReference; lastKnownFileType = sourcecode.c.h; path = JHBrowerViewController.h; sourceTree = "<group>"; };
		E84093F7231528E2004E5DA2 /* JHBrowerViewController.m */ = {isa = PBXFileReference; lastKnownFileType = sourcecode.c.objc; path = JHBrowerViewController.m; sourceTree = "<group>"; };
		E84093F9231528F0004E5DA2 /* JHDrawViewController.h */ = {isa = PBXFileReference; lastKnownFileType = sourcecode.c.h; path = JHDrawViewController.h; sourceTree = "<group>"; };
		E84093FA231528F0004E5DA2 /* JHDrawViewController.m */ = {isa = PBXFileReference; lastKnownFileType = sourcecode.c.objc; path = JHDrawViewController.m; sourceTree = "<group>"; };
		E84093FE23152B1F004E5DA2 /* JH_BrowerAttributeMesh.h */ = {isa = PBXFileReference; fileEncoding = 4; lastKnownFileType = sourcecode.c.h; path = JH_BrowerAttributeMesh.h; sourceTree = "<group>"; };
		E84093FF23152B1F004E5DA2 /* JH_AttributeStruct.h */ = {isa = PBXFileReference; fileEncoding = 4; lastKnownFileType = sourcecode.c.h; path = JH_AttributeStruct.h; sourceTree = "<group>"; };
		E840940023152B1F004E5DA2 /* Fragment.glsl */ = {isa = PBXFileReference; fileEncoding = 4; lastKnownFileType = text; path = Fragment.glsl; sourceTree = "<group>"; };
		E840940123152B1F004E5DA2 /* Vertex.glsl */ = {isa = PBXFileReference; fileEncoding = 4; lastKnownFileType = text; path = Vertex.glsl; sourceTree = "<group>"; };
		E840940423152CEA004E5DA2 /* JH_OpenGLEffect.h */ = {isa = PBXFileReference; lastKnownFileType = sourcecode.c.h; path = JH_OpenGLEffect.h; sourceTree = "<group>"; };
		E840940523152CEA004E5DA2 /* JH_OpenGLEffect.m */ = {isa = PBXFileReference; lastKnownFileType = sourcecode.c.objc; path = JH_OpenGLEffect.m; sourceTree = "<group>"; };
		E8D2B0EB23165B4B002712BD /* JH_OpenGLBrowerView.h */ = {isa = PBXFileReference; lastKnownFileType = sourcecode.c.h; path = JH_OpenGLBrowerView.h; sourceTree = "<group>"; };
		E8D2B0EC23165B4B002712BD /* JH_OpenGLBrowerView.m */ = {isa = PBXFileReference; lastKnownFileType = sourcecode.c.objc; path = JH_OpenGLBrowerView.m; sourceTree = "<group>"; };
		E8D2B0EE23165B61002712BD /* JH_OpenGLDrawView.h */ = {isa = PBXFileReference; lastKnownFileType = sourcecode.c.h; path = JH_OpenGLDrawView.h; sourceTree = "<group>"; };
		E8D2B0EF23165B61002712BD /* JH_OpenGLDrawView.m */ = {isa = PBXFileReference; lastKnownFileType = sourcecode.c.objc; path = JH_OpenGLDrawView.m; sourceTree = "<group>"; };
		E8D2B0F123165D6E002712BD /* JH_Configure.pch */ = {isa = PBXFileReference; lastKnownFileType = sourcecode.c.h; path = JH_Configure.pch; sourceTree = "<group>"; };
		E8D2B0F223166D35002712BD /* JHDrawViewController.xib */ = {isa = PBXFileReference; lastKnownFileType = file.xib; path = JHDrawViewController.xib; sourceTree = "<group>"; };
		E8E5DAD32300FA6500C5BC17 /* OpenGL_Brower.app */ = {isa = PBXFileReference; explicitFileType = wrapper.application; includeInIndex = 0; path = OpenGL_Brower.app; sourceTree = BUILT_PRODUCTS_DIR; };
		E8E5DAF12301039500C5BC17 /* OpenGLES.framework */ = {isa = PBXFileReference; lastKnownFileType = wrapper.framework; name = OpenGLES.framework; path = System/Library/Frameworks/OpenGLES.framework; sourceTree = SDKROOT; };
		E8F86D5C231113B4007CBCE2 /* AppDelegate.h */ = {isa = PBXFileReference; fileEncoding = 4; lastKnownFileType = sourcecode.c.h; path = AppDelegate.h; sourceTree = "<group>"; };
		E8F86D5F231113B4007CBCE2 /* OpenGL_Texture.png */ = {isa = PBXFileReference; lastKnownFileType = image.png; path = OpenGL_Texture.png; sourceTree = "<group>"; };
		E8F86D60231113B4007CBCE2 /* timg.jpeg */ = {isa = PBXFileReference; lastKnownFileType = image.jpeg; path = timg.jpeg; sourceTree = "<group>"; };
		E8F86D61231113B4007CBCE2 /* Matrix_readme.md */ = {isa = PBXFileReference; fileEncoding = 4; lastKnownFileType = net.daringfireball.markdown; path = Matrix_readme.md; sourceTree = "<group>"; };
		E8F86D62231113B4007CBCE2 /* GLSL_readme.md */ = {isa = PBXFileReference; fileEncoding = 4; lastKnownFileType = net.daringfireball.markdown; path = GLSL_readme.md; sourceTree = "<group>"; };
		E8F86D65231113B4007CBCE2 /* OpenGL_CS.png */ = {isa = PBXFileReference; lastKnownFileType = image.png; path = OpenGL_CS.png; sourceTree = "<group>"; };
		E8F86D6D231113B4007CBCE2 /* Assets.xcassets */ = {isa = PBXFileReference; lastKnownFileType = folder.assetcatalog; path = Assets.xcassets; sourceTree = "<group>"; };
		E8F86D6E231113B4007CBCE2 /* ViewController.m */ = {isa = PBXFileReference; fileEncoding = 4; lastKnownFileType = sourcecode.c.objc; path = ViewController.m; sourceTree = "<group>"; };
		E8F86D70231113B4007CBCE2 /* Base */ = {isa = PBXFileReference; lastKnownFileType = file.storyboard; name = Base; path = Base.lproj/LaunchScreen.storyboard; sourceTree = "<group>"; };
		E8F86D72231113B4007CBCE2 /* Base */ = {isa = PBXFileReference; lastKnownFileType = file.storyboard; name = Base; path = Base.lproj/Main.storyboard; sourceTree = "<group>"; };
		E8F86D73231113B4007CBCE2 /* main.m */ = {isa = PBXFileReference; fileEncoding = 4; lastKnownFileType = sourcecode.c.objc; path = main.m; sourceTree = "<group>"; };
		E8F86D74231113B4007CBCE2 /* AppDelegate.m */ = {isa = PBXFileReference; fileEncoding = 4; lastKnownFileType = sourcecode.c.objc; path = AppDelegate.m; sourceTree = "<group>"; };
		E8F86D75231113B4007CBCE2 /* Info.plist */ = {isa = PBXFileReference; fileEncoding = 4; lastKnownFileType = text.plist.xml; path = Info.plist; sourceTree = "<group>"; };
		E8F86D76231113B4007CBCE2 /* ViewController.h */ = {isa = PBXFileReference; fileEncoding = 4; lastKnownFileType = sourcecode.c.h; path = ViewController.h; sourceTree = "<group>"; };
/* End PBXFileReference section */

/* Begin PBXFrameworksBuildPhase section */
		E8E5DAD02300FA6500C5BC17 /* Frameworks */ = {
			isa = PBXFrameworksBuildPhase;
			buildActionMask = 2147483647;
			files = (
				E8E5DAF22301039500C5BC17 /* OpenGLES.framework in Frameworks */,
			);
			runOnlyForDeploymentPostprocessing = 0;
		};
/* End PBXFrameworksBuildPhase section */

/* Begin PBXGroup section */
		E80997EC231919AD000C49D2 /* JH_Lighting */ = {
			isa = PBXGroup;
			children = (
				E80997ED231919DB000C49D2 /* JH_LightingData */,
				E80997EE23191BAC000C49D2 /* JHLightViewController.h */,
				E80997EF23191BAC000C49D2 /* JHLightViewController.m */,
				E80997F123191BD5000C49D2 /* JH_OpenGLLightView.h */,
				E80997F223191BD5000C49D2 /* JH_OpenGLLightView.m */,
			);
			path = JH_Lighting;
			sourceTree = "<group>";
		};
		E80997ED231919DB000C49D2 /* JH_LightingData */ = {
			isa = PBXGroup;
			children = (
				E822B30C231CFE1E001A5ECB /* FragmentLight.glsl */,
				E822B30D231CFE1E001A5ECB /* VertexLight.glsl */,
				E816C884232F5A6A0037C27E /* FragmentObj.glsl */,
				E816C883232F5A6A0037C27E /* VertexObj.glsl */,
				E822B302231CB7B8001A5ECB /* JH_LightAttributeMesh.h */,
			);
			path = JH_LightingData;
			sourceTree = "<group>";
		};
		E84093F123152432004E5DA2 /* JH_Equipment */ = {
			isa = PBXGroup;
			children = (
				E84093FD23152ABA004E5DA2 /* JH_EquipmentData */,
				E84093F9231528F0004E5DA2 /* JHDrawViewController.h */,
				E84093FA231528F0004E5DA2 /* JHDrawViewController.m */,
				E8D2B0F223166D35002712BD /* JHDrawViewController.xib */,
				E8D2B0EE23165B61002712BD /* JH_OpenGLDrawView.h */,
				E8D2B0EF23165B61002712BD /* JH_OpenGLDrawView.m */,
			);
			path = JH_Equipment;
			sourceTree = "<group>";
		};
		E84093F223152849004E5DA2 /* JH_OpenGL */ = {
			isa = PBXGroup;
			children = (
				E84093F423152849004E5DA2 /* JH_OpenGLView.h */,
				E84093F323152849004E5DA2 /* JH_OpenGLView.m */,
				E840940423152CEA004E5DA2 /* JH_OpenGLEffect.h */,
				E840940523152CEA004E5DA2 /* JH_OpenGLEffect.m */,
				E8153412233B8EFA00F7AB8E /* JH_OpenGLAttribute.h */,
				E8153413233B8EFA00F7AB8E /* JH_OpenGLAttribute.m */,
				E84093FF23152B1F004E5DA2 /* JH_AttributeStruct.h */,
				E80ABC13231FC31C00C925B7 /* JH_MatrixOperate.h */,
				E80ABC14231FC31C00C925B7 /* JH_MatrixOperate.c */,
			);
			path = JH_OpenGL;
			sourceTree = "<group>";
		};
		E84093FC23152AB1004E5DA2 /* JH_BrowerData */ = {
			isa = PBXGroup;
			children = (
				E840940023152B1F004E5DA2 /* Fragment.glsl */,
				E840940123152B1F004E5DA2 /* Vertex.glsl */,
				E84093FE23152B1F004E5DA2 /* JH_BrowerAttributeMesh.h */,
			);
			path = JH_BrowerData;
			sourceTree = "<group>";
		};
		E84093FD23152ABA004E5DA2 /* JH_EquipmentData */ = {
			isa = PBXGroup;
			children = (
				E81261F02317A37A008B66F0 /* FragmentDraw.glsl */,
				E81261F12317A37A008B66F0 /* VertexDraw.glsl */,
			);
			path = JH_EquipmentData;
			sourceTree = "<group>";
		};
		E8E5DACA2300FA6500C5BC17 = {
			isa = PBXGroup;
			children = (
				E8F86D5B231113B4007CBCE2 /* OpenGL_Brower */,
				E8E5DAD42300FA6500C5BC17 /* Products */,
				E8E5DAF02301039500C5BC17 /* Frameworks */,
			);
			sourceTree = "<group>";
		};
		E8E5DAD42300FA6500C5BC17 /* Products */ = {
			isa = PBXGroup;
			children = (
				E8E5DAD32300FA6500C5BC17 /* OpenGL_Brower.app */,
			);
			name = Products;
			sourceTree = "<group>";
		};
		E8E5DAF02301039500C5BC17 /* Frameworks */ = {
			isa = PBXGroup;
			children = (
				E8E5DAF12301039500C5BC17 /* OpenGLES.framework */,
			);
			name = Frameworks;
			sourceTree = "<group>";
		};
		E8F86D5B231113B4007CBCE2 /* OpenGL_Brower */ = {
			isa = PBXGroup;
			children = (
				E8F86D5D231113B4007CBCE2 /* JH_OpenGLModule */,
				E8F86D5C231113B4007CBCE2 /* AppDelegate.h */,
				E8F86D74231113B4007CBCE2 /* AppDelegate.m */,
				E8F86D76231113B4007CBCE2 /* ViewController.h */,
				E8F86D6E231113B4007CBCE2 /* ViewController.m */,
				E8F86D6F231113B4007CBCE2 /* LaunchScreen.storyboard */,
				E8F86D71231113B4007CBCE2 /* Main.storyboard */,
				E8F86D73231113B4007CBCE2 /* main.m */,
				E8F86D75231113B4007CBCE2 /* Info.plist */,
				E8D2B0F123165D6E002712BD /* JH_Configure.pch */,
				E8F86D6D231113B4007CBCE2 /* Assets.xcassets */,
			);
			path = OpenGL_Brower;
			sourceTree = "<group>";
		};
		E8F86D5D231113B4007CBCE2 /* JH_OpenGLModule */ = {
			isa = PBXGroup;
			children = (
				E84093F223152849004E5DA2 /* JH_OpenGL */,
				E8F86D5E231113B4007CBCE2 /* JH_OpenGLSource */,
				E84093F123152432004E5DA2 /* JH_Equipment */,
				E8F86D68231113B4007CBCE2 /* JH_Brower */,
				E80997EC231919AD000C49D2 /* JH_Lighting */,
			);
			path = JH_OpenGLModule;
			sourceTree = "<group>";
		};
		E8F86D5E231113B4007CBCE2 /* JH_OpenGLSource */ = {
			isa = PBXGroup;
			children = (
				E8F86D5F231113B4007CBCE2 /* OpenGL_Texture.png */,
				E8F86D65231113B4007CBCE2 /* OpenGL_CS.png */,
				E8F86D60231113B4007CBCE2 /* timg.jpeg */,
				E8F86D61231113B4007CBCE2 /* Matrix_readme.md */,
				E8F86D62231113B4007CBCE2 /* GLSL_readme.md */,
				E80997EA23190834000C49D2 /* OpenGL_readme.md */,
			);
			path = JH_OpenGLSource;
			sourceTree = "<group>";
		};
		E8F86D68231113B4007CBCE2 /* JH_Brower */ = {
			isa = PBXGroup;
			children = (
				E84093FC23152AB1004E5DA2 /* JH_BrowerData */,
				E84093F6231528E2004E5DA2 /* JHBrowerViewController.h */,
				E84093F7231528E2004E5DA2 /* JHBrowerViewController.m */,
				E8D2B0EB23165B4B002712BD /* JH_OpenGLBrowerView.h */,
				E8D2B0EC23165B4B002712BD /* JH_OpenGLBrowerView.m */,
			);
			path = JH_Brower;
			sourceTree = "<group>";
		};
/* End PBXGroup section */

/* Begin PBXNativeTarget section */
		E8E5DAD22300FA6500C5BC17 /* OpenGL_Brower */ = {
			isa = PBXNativeTarget;
			buildConfigurationList = E8E5DAE92300FA6600C5BC17 /* Build configuration list for PBXNativeTarget "OpenGL_Brower" */;
			buildPhases = (
				E8E5DACF2300FA6500C5BC17 /* Sources */,
				E8E5DAD02300FA6500C5BC17 /* Frameworks */,
				E8E5DAD12300FA6500C5BC17 /* Resources */,
			);
			buildRules = (
			);
			dependencies = (
			);
			name = OpenGL_Brower;
			productName = OpenGL_Brower;
			productReference = E8E5DAD32300FA6500C5BC17 /* OpenGL_Brower.app */;
			productType = "com.apple.product-type.application";
		};
/* End PBXNativeTarget section */

/* Begin PBXProject section */
		E8E5DACB2300FA6500C5BC17 /* Project object */ = {
			isa = PBXProject;
			attributes = {
				LastUpgradeCheck = 1020;
				ORGANIZATIONNAME = CJH;
				TargetAttributes = {
					E8E5DAD22300FA6500C5BC17 = {
						CreatedOnToolsVersion = 10.2.1;
					};
				};
			};
			buildConfigurationList = E8E5DACE2300FA6500C5BC17 /* Build configuration list for PBXProject "OpenGL_Brower" */;
			compatibilityVersion = "Xcode 9.3";
			developmentRegion = en;
			hasScannedForEncodings = 0;
			knownRegions = (
				en,
				Base,
			);
			mainGroup = E8E5DACA2300FA6500C5BC17;
			productRefGroup = E8E5DAD42300FA6500C5BC17 /* Products */;
			projectDirPath = "";
			projectRoot = "";
			targets = (
				E8E5DAD22300FA6500C5BC17 /* OpenGL_Brower */,
			);
		};
/* End PBXProject section */

/* Begin PBXResourcesBuildPhase section */
		E8E5DAD12300FA6500C5BC17 /* Resources */ = {
			isa = PBXResourcesBuildPhase;
			buildActionMask = 2147483647;
			files = (
				E8F86D82231113B5007CBCE2 /* LaunchScreen.storyboard in Resources */,
				E8F86D83231113B5007CBCE2 /* Main.storyboard in Resources */,
				E822B30E231CFE1F001A5ECB /* FragmentLight.glsl in Resources */,
				E816C885232F5A6A0037C27E /* VertexObj.glsl in Resources */,
				E8F86D7C231113B4007CBCE2 /* OpenGL_CS.png in Resources */,
				E80997EB23190834000C49D2 /* OpenGL_readme.md in Resources */,
				E81261F22317A37A008B66F0 /* FragmentDraw.glsl in Resources */,
				E822B30F231CFE1F001A5ECB /* VertexLight.glsl in Resources */,
				E8F86D7A231113B4007CBCE2 /* GLSL_readme.md in Resources */,
				E816C886232F5A6A0037C27E /* FragmentObj.glsl in Resources */,
				E8D2B0F323166D35002712BD /* JHDrawViewController.xib in Resources */,
				E81261F32317A37A008B66F0 /* VertexDraw.glsl in Resources */,
				E8F86D79231113B4007CBCE2 /* Matrix_readme.md in Resources */,
				E8F86D78231113B4007CBCE2 /* timg.jpeg in Resources */,
				E8F86D77231113B4007CBCE2 /* OpenGL_Texture.png in Resources */,
				E8F86D80231113B5007CBCE2 /* Assets.xcassets in Resources */,
				E840940223152B1F004E5DA2 /* Fragment.glsl in Resources */,
				E840940323152B1F004E5DA2 /* Vertex.glsl in Resources */,
			);
			runOnlyForDeploymentPostprocessing = 0;
		};
/* End PBXResourcesBuildPhase section */

/* Begin PBXSourcesBuildPhase section */
		E8E5DACF2300FA6500C5BC17 /* Sources */ = {
			isa = PBXSourcesBuildPhase;
			buildActionMask = 2147483647;
			files = (
				E80997F323191BD5000C49D2 /* JH_OpenGLLightView.m in Sources */,
				E80ABC15231FC31C00C925B7 /* JH_MatrixOperate.c in Sources */,
				E8F86D81231113B5007CBCE2 /* ViewController.m in Sources */,
				E80997F023191BAC000C49D2 /* JHLightViewController.m in Sources */,
				E8F86D84231113B5007CBCE2 /* main.m in Sources */,
				E8D2B0ED23165B4B002712BD /* JH_OpenGLBrowerView.m in Sources */,
				E84093F8231528E2004E5DA2 /* JHBrowerViewController.m in Sources */,
				E84093F523152849004E5DA2 /* JH_OpenGLView.m in Sources */,
				E8153414233B8EFA00F7AB8E /* JH_OpenGLAttribute.m in Sources */,
				E840940623152CEA004E5DA2 /* JH_OpenGLEffect.m in Sources */,
				E84093FB231528F0004E5DA2 /* JHDrawViewController.m in Sources */,
				E8D2B0F023165B61002712BD /* JH_OpenGLDrawView.m in Sources */,
				E8F86D85231113B5007CBCE2 /* AppDelegate.m in Sources */,
			);
			runOnlyForDeploymentPostprocessing = 0;
		};
/* End PBXSourcesBuildPhase section */

/* Begin PBXVariantGroup section */
		E8F86D6F231113B4007CBCE2 /* LaunchScreen.storyboard */ = {
			isa = PBXVariantGroup;
			children = (
				E8F86D70231113B4007CBCE2 /* Base */,
			);
			name = LaunchScreen.storyboard;
			sourceTree = "<group>";
		};
		E8F86D71231113B4007CBCE2 /* Main.storyboard */ = {
			isa = PBXVariantGroup;
			children = (
				E8F86D72231113B4007CBCE2 /* Base */,
			);
			name = Main.storyboard;
			sourceTree = "<group>";
		};
/* End PBXVariantGroup section */

/* Begin XCBuildConfiguration section */
		E8E5DAE72300FA6600C5BC17 /* Debug */ = {
			isa = XCBuildConfiguration;
			buildSettings = {
				ALWAYS_SEARCH_USER_PATHS = NO;
				CLANG_ANALYZER_NONNULL = YES;
				CLANG_ANALYZER_NUMBER_OBJECT_CONVERSION = YES_AGGRESSIVE;
				CLANG_CXX_LANGUAGE_STANDARD = "gnu++14";
				CLANG_CXX_LIBRARY = "libc++";
				CLANG_ENABLE_MODULES = YES;
				CLANG_ENABLE_OBJC_ARC = YES;
				CLANG_ENABLE_OBJC_WEAK = YES;
				CLANG_WARN_BLOCK_CAPTURE_AUTORELEASING = YES;
				CLANG_WARN_BOOL_CONVERSION = YES;
				CLANG_WARN_COMMA = YES;
				CLANG_WARN_CONSTANT_CONVERSION = YES;
				CLANG_WARN_DEPRECATED_OBJC_IMPLEMENTATIONS = YES;
				CLANG_WARN_DIRECT_OBJC_ISA_USAGE = YES_ERROR;
				CLANG_WARN_DOCUMENTATION_COMMENTS = YES;
				CLANG_WARN_EMPTY_BODY = YES;
				CLANG_WARN_ENUM_CONVERSION = YES;
				CLANG_WARN_INFINITE_RECURSION = YES;
				CLANG_WARN_INT_CONVERSION = YES;
				CLANG_WARN_NON_LITERAL_NULL_CONVERSION = YES;
				CLANG_WARN_OBJC_IMPLICIT_RETAIN_SELF = YES;
				CLANG_WARN_OBJC_LITERAL_CONVERSION = YES;
				CLANG_WARN_OBJC_ROOT_CLASS = YES_ERROR;
				CLANG_WARN_RANGE_LOOP_ANALYSIS = YES;
				CLANG_WARN_STRICT_PROTOTYPES = YES;
				CLANG_WARN_SUSPICIOUS_MOVE = YES;
				CLANG_WARN_UNGUARDED_AVAILABILITY = YES_AGGRESSIVE;
				CLANG_WARN_UNREACHABLE_CODE = YES;
				CLANG_WARN__DUPLICATE_METHOD_MATCH = YES;
				CODE_SIGN_IDENTITY = "iPhone Developer";
				COPY_PHASE_STRIP = NO;
				DEBUG_INFORMATION_FORMAT = dwarf;
				ENABLE_STRICT_OBJC_MSGSEND = YES;
				ENABLE_TESTABILITY = YES;
				GCC_C_LANGUAGE_STANDARD = gnu11;
				GCC_DYNAMIC_NO_PIC = NO;
				GCC_NO_COMMON_BLOCKS = YES;
				GCC_OPTIMIZATION_LEVEL = 0;
				GCC_PREPROCESSOR_DEFINITIONS = (
					"DEBUG=1",
					"$(inherited)",
				);
				GCC_WARN_64_TO_32_BIT_CONVERSION = YES;
				GCC_WARN_ABOUT_RETURN_TYPE = YES_ERROR;
				GCC_WARN_UNDECLARED_SELECTOR = YES;
				GCC_WARN_UNINITIALIZED_AUTOS = YES_AGGRESSIVE;
				GCC_WARN_UNUSED_FUNCTION = YES;
				GCC_WARN_UNUSED_VARIABLE = YES;
				IPHONEOS_DEPLOYMENT_TARGET = 11.4;
				MTL_ENABLE_DEBUG_INFO = INCLUDE_SOURCE;
				MTL_FAST_MATH = YES;
				ONLY_ACTIVE_ARCH = YES;
				SDKROOT = iphoneos;
			};
			name = Debug;
		};
		E8E5DAE82300FA6600C5BC17 /* Release */ = {
			isa = XCBuildConfiguration;
			buildSettings = {
				ALWAYS_SEARCH_USER_PATHS = NO;
				CLANG_ANALYZER_NONNULL = YES;
				CLANG_ANALYZER_NUMBER_OBJECT_CONVERSION = YES_AGGRESSIVE;
				CLANG_CXX_LANGUAGE_STANDARD = "gnu++14";
				CLANG_CXX_LIBRARY = "libc++";
				CLANG_ENABLE_MODULES = YES;
				CLANG_ENABLE_OBJC_ARC = YES;
				CLANG_ENABLE_OBJC_WEAK = YES;
				CLANG_WARN_BLOCK_CAPTURE_AUTORELEASING = YES;
				CLANG_WARN_BOOL_CONVERSION = YES;
				CLANG_WARN_COMMA = YES;
				CLANG_WARN_CONSTANT_CONVERSION = YES;
				CLANG_WARN_DEPRECATED_OBJC_IMPLEMENTATIONS = YES;
				CLANG_WARN_DIRECT_OBJC_ISA_USAGE = YES_ERROR;
				CLANG_WARN_DOCUMENTATION_COMMENTS = YES;
				CLANG_WARN_EMPTY_BODY = YES;
				CLANG_WARN_ENUM_CONVERSION = YES;
				CLANG_WARN_INFINITE_RECURSION = YES;
				CLANG_WARN_INT_CONVERSION = YES;
				CLANG_WARN_NON_LITERAL_NULL_CONVERSION = YES;
				CLANG_WARN_OBJC_IMPLICIT_RETAIN_SELF = YES;
				CLANG_WARN_OBJC_LITERAL_CONVERSION = YES;
				CLANG_WARN_OBJC_ROOT_CLASS = YES_ERROR;
				CLANG_WARN_RANGE_LOOP_ANALYSIS = YES;
				CLANG_WARN_STRICT_PROTOTYPES = YES;
				CLANG_WARN_SUSPICIOUS_MOVE = YES;
				CLANG_WARN_UNGUARDED_AVAILABILITY = YES_AGGRESSIVE;
				CLANG_WARN_UNREACHABLE_CODE = YES;
				CLANG_WARN__DUPLICATE_METHOD_MATCH = YES;
				CODE_SIGN_IDENTITY = "iPhone Developer";
				COPY_PHASE_STRIP = NO;
				DEBUG_INFORMATION_FORMAT = "dwarf-with-dsym";
				ENABLE_NS_ASSERTIONS = NO;
				ENABLE_STRICT_OBJC_MSGSEND = YES;
				GCC_C_LANGUAGE_STANDARD = gnu11;
				GCC_NO_COMMON_BLOCKS = YES;
				GCC_WARN_64_TO_32_BIT_CONVERSION = YES;
				GCC_WARN_ABOUT_RETURN_TYPE = YES_ERROR;
				GCC_WARN_UNDECLARED_SELECTOR = YES;
				GCC_WARN_UNINITIALIZED_AUTOS = YES_AGGRESSIVE;
				GCC_WARN_UNUSED_FUNCTION = YES;
				GCC_WARN_UNUSED_VARIABLE = YES;
				IPHONEOS_DEPLOYMENT_TARGET = 11.4;
				MTL_ENABLE_DEBUG_INFO = NO;
				MTL_FAST_MATH = YES;
				SDKROOT = iphoneos;
				VALIDATE_PRODUCT = YES;
			};
			name = Release;
		};
		E8E5DAEA2300FA6600C5BC17 /* Debug */ = {
			isa = XCBuildConfiguration;
			buildSettings = {
				ASSETCATALOG_COMPILER_APPICON_NAME = AppIcon;
				CODE_SIGN_STYLE = Automatic;
				DEVELOPMENT_TEAM = E96A3MNGLQ;
				GCC_PRECOMPILE_PREFIX_HEADER = YES;
				GCC_PREFIX_HEADER = /Users/dafyit/Desktop/Learn/ToolWorkSpace/OpenGL_Brower/OpenGL_Brower/JH_Configure.pch;
				INFOPLIST_FILE = "$(SRCROOT)/OpenGL_Brower/Info.plist";
				IPHONEOS_DEPLOYMENT_TARGET = 11.4;
				LD_RUNPATH_SEARCH_PATHS = (
					"$(inherited)",
					"@executable_path/Frameworks",
				);
				PRODUCT_BUNDLE_IDENTIFIER = "cjh.swift.-D-Brower";
				PRODUCT_NAME = "$(TARGET_NAME)";
				TARGETED_DEVICE_FAMILY = "1,2";
			};
			name = Debug;
		};
		E8E5DAEB2300FA6600C5BC17 /* Release */ = {
			isa = XCBuildConfiguration;
			buildSettings = {
				ASSETCATALOG_COMPILER_APPICON_NAME = AppIcon;
				CODE_SIGN_STYLE = Automatic;
				DEVELOPMENT_TEAM = E96A3MNGLQ;
				GCC_PRECOMPILE_PREFIX_HEADER = YES;
				GCC_PREFIX_HEADER = /Users/dafyit/Desktop/Learn/ToolWorkSpace/OpenGL_Brower/OpenGL_Brower/JH_Configure.pch;
				INFOPLIST_FILE = "$(SRCROOT)/OpenGL_Brower/Info.plist";
				IPHONEOS_DEPLOYMENT_TARGET = 11.4;
				LD_RUNPATH_SEARCH_PATHS = (
					"$(inherited)",
					"@executable_path/Frameworks",
				);
				PRODUCT_BUNDLE_IDENTIFIER = "cjh.swift.-D-Brower";
				PRODUCT_NAME = "$(TARGET_NAME)";
				TARGETED_DEVICE_FAMILY = "1,2";
			};
			name = Release;
		};
/* End XCBuildConfiguration section */

/* Begin XCConfigurationList section */
		E8E5DACE2300FA6500C5BC17 /* Build configuration list for PBXProject "OpenGL_Brower" */ = {
			isa = XCConfigurationList;
			buildConfigurations = (
				E8E5DAE72300FA6600C5BC17 /* Debug */,
				E8E5DAE82300FA6600C5BC17 /* Release */,
			);
			defaultConfigurationIsVisible = 0;
			defaultConfigurationName = Release;
		};
		E8E5DAE92300FA6600C5BC17 /* Build configuration list for PBXNativeTarget "OpenGL_Brower" */ = {
			isa = XCConfigurationList;
			buildConfigurations = (
				E8E5DAEA2300FA6600C5BC17 /* Debug */,
				E8E5DAEB2300FA6600C5BC17 /* Release */,
			);
			defaultConfigurationIsVisible = 0;
			defaultConfigurationName = Release;
		};
/* End XCConfigurationList section */
	};
	rootObject = E8E5DACB2300FA6500C5BC17 /* Project object */;
}
